
Microsoft Visual Studio Solution File, Format Version 12.00
# Visual Studio 15
VisualStudioVersion = 15.0.26124.0
MinimumVisualStudioVersion = 15.0.26124.0
Project("{FAE04EC0-301F-11D3-BF4B-00C04F79EFBC}") = "GameTOP", "GameTOP\GameTOP.csproj", "{31A08548-F9A7-464F-9E5D-D7E7122F44DE}"
EndProject
Project("{FAE04EC0-301F-11D3-BF4B-00C04F79EFBC}") = "GameTOP.Lib", "GameTOP.Lib\GameTOP.Lib.csproj", "{48DC578E-29A9-4019-A521-D9FB61B62CE3}"
EndProject
Project("{FAE04EC0-301F-11D3-BF4B-00C04F79EFBC}") = "GameTOP.Interface", "GameTOP.Interface\GameTOP.Interface.csproj", "{6A092458-9FE0-4624-BB5F-48E331D7B273}"
EndProject
Global
	GlobalSection(SolutionConfigurationPlatforms) = preSolution
		Debug|Any CPU = Debug|Any CPU
		Debug|x64 = Debug|x64
		Debug|x86 = Debug|x86
		Release|Any CPU = Release|Any CPU
		Release|x64 = Release|x64
		Release|x86 = Release|x86
	EndGlobalSection
	GlobalSection(SolutionProperties) = preSolution
		HideSolutionNode = FALSE
	EndGlobalSection
	GlobalSection(ProjectConfigurationPlatforms) = postSolution
		{31A08548-F9A7-464F-9E5D-D7E7122F44DE}.Debug|Any CPU.ActiveCfg = Debug|Any CPU
		{31A08548-F9A7-464F-9E5D-D7E7122F44DE}.Debug|Any CPU.Build.0 = Debug|Any CPU
		{31A08548-F9A7-464F-9E5D-D7E7122F44DE}.Debug|x64.ActiveCfg = Debug|Any CPU
		{31A08548-F9A7-464F-9E5D-D7E7122F44DE}.Debug|x64.Build.0 = Debug|Any CPU
		{31A08548-F9A7-464F-9E5D-D7E7122F44DE}.Debug|x86.ActiveCfg = Debug|Any CPU
		{31A08548-F9A7-464F-9E5D-D7E7122F44DE}.Debug|x86.Build.0 = Debug|Any CPU
		{31A08548-F9A7-464F-9E5D-D7E7122F44DE}.Release|Any CPU.ActiveCfg = Release|Any CPU
		{31A08548-F9A7-464F-9E5D-D7E7122F44DE}.Release|Any CPU.Build.0 = Release|Any CPU
		{31A08548-F9A7-464F-9E5D-D7E7122F44DE}.Release|x64.ActiveCfg = Release|Any CPU
		{31A08548-F9A7-464F-9E5D-D7E7122F44DE}.Release|x64.Build.0 = Release|Any CPU
		{31A08548-F9A7-464F-9E5D-D7E7122F44DE}.Release|x86.ActiveCfg = Release|Any CPU
		{31A08548-F9A7-464F-9E5D-D7E7122F44DE}.Release|x86.Build.0 = Release|Any CPU
		{48DC578E-29A9-4019-A521-D9FB61B62CE3}.Debug|Any CPU.ActiveCfg = Debug|Any CPU
		{48DC578E-29A9-4019-A521-D9FB61B62CE3}.Debug|Any CPU.Build.0 = Debug|Any CPU
		{48DC578E-29A9-4019-A521-D9FB61B62CE3}.Debug|x64.ActiveCfg = Debug|Any CPU
		{48DC578E-29A9-4019-A521-D9FB61B62CE3}.Debug|x64.Build.0 = Debug|Any CPU
		{48DC578E-29A9-4019-A521-D9FB61B62CE3}.Debug|x86.ActiveCfg = Debug|Any CPU
		{48DC578E-29A9-4019-A521-D9FB61B62CE3}.Debug|x86.Build.0 = Debug|Any CPU
		{48DC578E-29A9-4019-A521-D9FB61B62CE3}.Release|Any CPU.ActiveCfg = Release|Any CPU
		{48DC578E-29A9-4019-A521-D9FB61B62CE3}.Release|Any CPU.Build.0 = Release|Any CPU
		{48DC578E-29A9-4019-A521-D9FB61B62CE3}.Release|x64.ActiveCfg = Release|Any CPU
		{48DC578E-29A9-4019-A521-D9FB61B62CE3}.Release|x64.Build.0 = Release|Any CPU
		{48DC578E-29A9-4019-A521-D9FB61B62CE3}.Release|x86.ActiveCfg = Release|Any CPU
		{48DC578E-29A9-4019-A521-D9FB61B62CE3}.Release|x86.Build.0 = Release|Any CPU
		{6A092458-9FE0-4624-BB5F-48E331D7B273}.Debug|Any CPU.ActiveCfg = Debug|Any CPU
		{6A092458-9FE0-4624-BB5F-48E331D7B273}.Debug|Any CPU.Build.0 = Debug|Any CPU
		{6A092458-9FE0-4624-BB5F-48E331D7B273}.Debug|x64.ActiveCfg = Debug|Any CPU
		{6A092458-9FE0-4624-BB5F-48E331D7B273}.Debug|x64.Build.0 = Debug|Any CPU
		{6A092458-9FE0-4624-BB5F-48E331D7B273}.Debug|x86.ActiveCfg = Debug|Any CPU
		{6A092458-9FE0-4624-BB5F-48E331D7B273}.Debug|x86.Build.0 = Debug|Any CPU
		{6A092458-9FE0-4624-BB5F-48E331D7B273}.Release|Any CPU.ActiveCfg = Release|Any CPU
		{6A092458-9FE0-4624-BB5F-48E331D7B273}.Release|Any CPU.Build.0 = Release|Any CPU
		{6A092458-9FE0-4624-BB5F-48E331D7B273}.Release|x64.ActiveCfg = Release|Any CPU
		{6A092458-9FE0-4624-BB5F-48E331D7B273}.Release|x64.Build.0 = Release|Any CPU
		{6A092458-9FE0-4624-BB5F-48E331D7B273}.Release|x86.ActiveCfg = Release|Any CPU
		{6A092458-9FE0-4624-BB5F-48E331D7B273}.Release|x86.Build.0 = Release|Any CPU
	EndGlobalSection
EndGlobal
